<?xml version="1.0" encoding="utf-8"?>
<Project ToolsVersion="4.0" xmlns="http://schemas.microsoft.com/developer/msbuild/2003">
  <ItemGroup>
    <Filter Include="Source files">
      <UniqueIdentifier>{ef7f1980-916a-4741-8466-f04439e7f4a8}</UniqueIdentifier>
      <Extensions>cpp;c;cc;cxx;def;odl;idl;hpj;bat;asm;asmx</Extensions>
    </Filter>
    <Filter Include="Header files">
      <UniqueIdentifier>{e95de4f2-9c74-46a9-9838-c5356a53be2f}</UniqueIdentifier>
      <Extensions>h;hpp;hxx;hm;inl;inc;xsd</Extensions>
    </Filter>
    <Filter Include="Resource files">
      <UniqueIdentifier>{20325872-cc66-43ff-adee-7e67a3fb6d8e}</UniqueIdentifier>
      <Extensions>rc;ico;cur;bmp;dlg;rc2;rct;bin;rgs;gif;jpg;jpeg;jpe;resx;tiff;tif;png;wav</Extensions>
    </Filter>
    <Filter Include="Make files">
      <UniqueIdentifier>{0e1d17ce-e48b-4fc7-befe-d4cc5e17ebd1}</UniqueIdentifier>
      <Extensions>*.mak</Extensions>
    </Filter>
    <Filter Include="VisualGDB settings">
      <UniqueIdentifier>{af093ec0-6a8d-48b4-95bf-0ae7e0df2118}</UniqueIdentifier>
      <Extensions>*.vgdbsettings</Extensions>
    </Filter>
    <Filter Include="Source files\Device-specific files">
      <UniqueIdentifier>{8c9685a2-b50f-4140-9f1e-71e50fb72217}</UniqueIdentifier>
    </Filter>
    <Filter Include="Header files\Device-specific files">
      <UniqueIdentifier>{d0c7460f-6e08-49d0-bbe3-aa7f40f00e47}</UniqueIdentifier>
    </Filter>
  </ItemGroup>
  <ItemGroup>
    <ClCompile Include="LEDBlink.cpp">
      <Filter>Source files</Filter>
    </ClCompile>
    <ClCompile Include="..\..\..\..\AppData\Local\VisualGDB\EmbeddedBSPs\arm-eabi\com.sysprogs.arm.freescale.kinetis_ksdk\KL27Z644\StartupFiles\startup.c">
      <Filter>Source files\Device-specific files</Filter>
    </ClCompile>
    <ClCompile Include="..\..\..\..\AppData\Local\VisualGDB\EmbeddedBSPs\arm-eabi\com.sysprogs.arm.freescale.kinetis_ksdk\KL27Z644\StartupFiles\vectors_KL27Z644.c">
      <Filter>Source files\Device-specific files</Filter>
    </ClCompile>
    <ClCompile Include="..\..\..\..\AppData\Local\VisualGDB\EmbeddedBSPs\arm-eabi\com.sysprogs.arm.freescale.kinetis_ksdk\platform\devices\MKL27Z644\startup\system_MKL27Z644.c">
      <Filter>Source files\Device-specific files</Filter>
    </ClCompile>
  </ItemGroup>
  <ItemGroup>
    <None Include="Makefile" />
    <None Include="debug.mak">
      <Filter>Make files</Filter>
    </None>
    <None Include="EmbeddedProject3-Debug.vgdbsettings">
      <Filter>VisualGDB settings</Filter>
    </None>
    <None Include="release.mak">
      <Filter>Make files</Filter>
    </None>
    <None Include="EmbeddedProject3-Release.vgdbsettings">
      <Filter>VisualGDB settings</Filter>
    </None>
    <None Include="kinetis.mak">
      <Filter>Source files\Device-specific files</Filter>
    </None>
  </ItemGroup>
  <ItemGroup>
    <ClInclude Include="..\..\..\..\AppData\Local\VisualGDB\EmbeddedBSPs\arm-eabi\com.sysprogs.arm.freescale.kinetis_ksdk\platform\CMSIS\Include\arm_common_tables.h">
      <Filter>Header files\Device-specific files</Filter>
    </ClInclude>
    <ClInclude Include="..\..\..\..\AppData\Local\VisualGDB\EmbeddedBSPs\arm-eabi\com.sysprogs.arm.freescale.kinetis_ksdk\platform\CMSIS\Include\arm_const_structs.h">
      <Filter>Header files\Device-specific files</Filter>
    </ClInclude>
    <ClInclude Include="..\..\..\..\AppData\Local\VisualGDB\EmbeddedBSPs\arm-eabi\com.sysprogs.arm.freescale.kinetis_ksdk\platform\CMSIS\Include\arm_math.h">
      <Filter>Header files\Device-specific files</Filter>
    </ClInclude>
    <ClInclude Include="..\..\..\..\AppData\Local\VisualGDB\EmbeddedBSPs\arm-eabi\com.sysprogs.arm.freescale.kinetis_ksdk\platform\CMSIS\Include\core_cm0plus.h">
      <Filter>Header files\Device-specific files</Filter>
    </ClInclude>
    <ClInclude Include="..\..\..\..\AppData\Local\VisualGDB\EmbeddedBSPs\arm-eabi\com.sysprogs.arm.freescale.kinetis_ksdk\platform\CMSIS\Include\core_cm4.h">
      <Filter>Header files\Device-specific files</Filter>
    </ClInclude>
    <ClInclude Include="..\..\..\..\AppData\Local\VisualGDB\EmbeddedBSPs\arm-eabi\com.sysprogs.arm.freescale.kinetis_ksdk\platform\CMSIS\Include\core_cm7.h">
      <Filter>Header files\Device-specific files</Filter>
    </ClInclude>
    <ClInclude Include="..\..\..\..\AppData\Local\VisualGDB\EmbeddedBSPs\arm-eabi\com.sysprogs.arm.freescale.kinetis_ksdk\platform\CMSIS\Include\core_cmFunc.h">
      <Filter>Header files\Device-specific files</Filter>
    </ClInclude>
    <ClInclude Include="..\..\..\..\AppData\Local\VisualGDB\EmbeddedBSPs\arm-eabi\com.sysprogs.arm.freescale.kinetis_ksdk\platform\CMSIS\Include\core_cmInstr.h">
      <Filter>Header files\Device-specific files</Filter>
    </ClInclude>
    <ClInclude Include="..\..\..\..\AppData\Local\VisualGDB\EmbeddedBSPs\arm-eabi\com.sysprogs.arm.freescale.kinetis_ksdk\platform\CMSIS\Include\core_cmSimd.h">
      <Filter>Header files\Device-specific files</Filter>
    </ClInclude>
    <ClInclude Include="..\..\..\..\AppData\Local\VisualGDB\EmbeddedBSPs\arm-eabi\com.sysprogs.arm.freescale.kinetis_ksdk\platform\devices\fsl_device_registers.h">
      <Filter>Header files\Device-specific files</Filter>
    </ClInclude>
    <ClInclude Include="..\..\..\..\AppData\Local\VisualGDB\EmbeddedBSPs\arm-eabi\com.sysprogs.arm.freescale.kinetis_ksdk\platform\devices\MKL27Z644\include\fsl_bitaccess.h">
      <Filter>Header files\Device-specific files</Filter>
    </ClInclude>
    <ClInclude Include="..\..\..\..\AppData\Local\VisualGDB\EmbeddedBSPs\arm-eabi\com.sysprogs.arm.freescale.kinetis_ksdk\platform\devices\MKL27Z644\include\MKL27Z644.h">
      <Filter>Header files\Device-specific files</Filter>
    </ClInclude>
    <ClInclude Include="..\..\..\..\AppData\Local\VisualGDB\EmbeddedBSPs\arm-eabi\com.sysprogs.arm.freescale.kinetis_ksdk\platform\devices\MKL27Z644\include\MKL27Z644_extension.h">
      <Filter>Header files\Device-specific files</Filter>
    </ClInclude>
    <ClInclude Include="..\..\..\..\AppData\Local\VisualGDB\EmbeddedBSPs\arm-eabi\com.sysprogs.arm.freescale.kinetis_ksdk\platform\devices\MKL27Z644\include\MKL27Z644_features.h">
      <Filter>Header files\Device-specific files</Filter>
    </ClInclude>
    <ClInclude Include="..\..\..\..\AppData\Local\VisualGDB\EmbeddedBSPs\arm-eabi\com.sysprogs.arm.freescale.kinetis_ksdk\platform\devices\MKL27Z644\startup\system_MKL27Z644.h">
      <Filter>Header files\Device-specific files</Filter>
    </ClInclude>
  </ItemGroup>
  <ItemGroup>
    <Xml Include="kinetis.xml">
      <Filter>VisualGDB settings</Filter>
    </Xml>
  </ItemGroup>
</Project>